
Microsoft Visual Studio Solution File, Format Version 12.00
# Visual Studio Version 16
VisualStudioVersion = 16.0.31911.196
MinimumVisualStudioVersion = 10.0.40219.1
Project("{FAE04EC0-301F-11D3-BF4B-00C04F79EFBC}") = "LojaNetF.BLL", "LojaNetF.BLL\LojaNetF.BLL.csproj", "{16F1DEB3-1517-4F83-938D-AF69AF4FFDFE}"
EndProject
Project("{FAE04EC0-301F-11D3-BF4B-00C04F79EFBC}") = "LojaNetF.DAL", "LojaNetF.DAL\LojaNetF.DAL.csproj", "{EE2C9DA2-5460-4270-8A78-CD709BD0A47D}"
EndProject
Project("{FAE04EC0-301F-11D3-BF4B-00C04F79EFBC}") = "LojaNetF.Models", "LojaNetF.Models\LojaNetF.Models.csproj", "{441DD291-EF6E-411A-ADA8-B372834ABE5A}"
EndProject
Project("{FAE04EC0-301F-11D3-BF4B-00C04F79EFBC}") = "LojaNetFwk.Ui.Web", "LojaNetFwk.Ui.Web\LojaNetFwk.Ui.Web.csproj", "{3011BA3A-F113-494C-A8F1-1BF43DBAF0F4}"
EndProject
Project("{FAE04EC0-301F-11D3-BF4B-00C04F79EFBC}") = "LojaNet.Services", "LojaNet.Services\LojaNet.Services.csproj", "{0EDB63FD-EE6D-43C9-88E4-D7B683725673}"
EndProject
Global
	GlobalSection(SolutionConfigurationPlatforms) = preSolution
		Debug|Any CPU = Debug|Any CPU
		Release|Any CPU = Release|Any CPU
	EndGlobalSection
	GlobalSection(ProjectConfigurationPlatforms) = postSolution
		{16F1DEB3-1517-4F83-938D-AF69AF4FFDFE}.Debug|Any CPU.ActiveCfg = Debug|Any CPU
		{16F1DEB3-1517-4F83-938D-AF69AF4FFDFE}.Debug|Any CPU.Build.0 = Debug|Any CPU
		{16F1DEB3-1517-4F83-938D-AF69AF4FFDFE}.Release|Any CPU.ActiveCfg = Release|Any CPU
		{16F1DEB3-1517-4F83-938D-AF69AF4FFDFE}.Release|Any CPU.Build.0 = Release|Any CPU
		{EE2C9DA2-5460-4270-8A78-CD709BD0A47D}.Debug|Any CPU.ActiveCfg = Debug|Any CPU
		{EE2C9DA2-5460-4270-8A78-CD709BD0A47D}.Debug|Any CPU.Build.0 = Debug|Any CPU
		{EE2C9DA2-5460-4270-8A78-CD709BD0A47D}.Release|Any CPU.ActiveCfg = Release|Any CPU
		{EE2C9DA2-5460-4270-8A78-CD709BD0A47D}.Release|Any CPU.Build.0 = Release|Any CPU
		{441DD291-EF6E-411A-ADA8-B372834ABE5A}.Debug|Any CPU.ActiveCfg = Debug|Any CPU
		{441DD291-EF6E-411A-ADA8-B372834ABE5A}.Debug|Any CPU.Build.0 = Debug|Any CPU
		{441DD291-EF6E-411A-ADA8-B372834ABE5A}.Release|Any CPU.ActiveCfg = Release|Any CPU
		{441DD291-EF6E-411A-ADA8-B372834ABE5A}.Release|Any CPU.Build.0 = Release|Any CPU
		{3011BA3A-F113-494C-A8F1-1BF43DBAF0F4}.Debug|Any CPU.ActiveCfg = Debug|Any CPU
		{3011BA3A-F113-494C-A8F1-1BF43DBAF0F4}.Debug|Any CPU.Build.0 = Debug|Any CPU
		{3011BA3A-F113-494C-A8F1-1BF43DBAF0F4}.Release|Any CPU.ActiveCfg = Release|Any CPU
		{3011BA3A-F113-494C-A8F1-1BF43DBAF0F4}.Release|Any CPU.Build.0 = Release|Any CPU
		{0EDB63FD-EE6D-43C9-88E4-D7B683725673}.Debug|Any CPU.ActiveCfg = Debug|Any CPU
		{0EDB63FD-EE6D-43C9-88E4-D7B683725673}.Debug|Any CPU.Build.0 = Debug|Any CPU
		{0EDB63FD-EE6D-43C9-88E4-D7B683725673}.Release|Any CPU.ActiveCfg = Release|Any CPU
		{0EDB63FD-EE6D-43C9-88E4-D7B683725673}.Release|Any CPU.Build.0 = Release|Any CPU
	EndGlobalSection
	GlobalSection(SolutionProperties) = preSolution
		HideSolutionNode = FALSE
	EndGlobalSection
	GlobalSection(ExtensibilityGlobals) = postSolution
		SolutionGuid = {FA83ACF2-5568-4052-BCE1-2D3D84D447D7}
	EndGlobalSection
EndGlobal
